
Microsoft Visual Studio Solution File, Format Version 12.00
# Visual Studio Version 17
VisualStudioVersion = 17.5.002.0
MinimumVisualStudioVersion = 10.0.40219.1
Project("{2150E333-8FDC-42A3-9474-1A3956D46DE8}") = "MemorySimulator", "MemorySimulator", "{123FF043-811E-4DBB-9936-01E7483A6CE9}"
EndProject
Project("{9A19103F-16F7-4668-BE54-9A1E7A4F7556}") = "Memory.Simulator.Api", "MemorySimulator\Api\Memory.Simulator.Api.csproj", "{12B7AEFA-5F21-44E8-8722-23B6B556D9A4}"
EndProject
Project("{2150E333-8FDC-42A3-9474-1A3956D46DE8}") = "Tests", "Tests", "{B62BE288-2A75-45E5-9986-37E87B4E5E80}"
EndProject
Project("{9A19103F-16F7-4668-BE54-9A1E7A4F7556}") = "Memory.Simulator.Api.Tests", "MemorySimulator\Tests\Api.Tests\Memory.Simulator.Api.Tests.csproj", "{225B4A97-2B66-4B5D-9104-914DF5B3C406}"
EndProject
Global
	GlobalSection(SolutionConfigurationPlatforms) = preSolution
		Debug|Any CPU = Debug|Any CPU
		Release|Any CPU = Release|Any CPU
	EndGlobalSection
	GlobalSection(ProjectConfigurationPlatforms) = postSolution
		{12B7AEFA-5F21-44E8-8722-23B6B556D9A4}.Debug|Any CPU.ActiveCfg = Debug|Any CPU
		{12B7AEFA-5F21-44E8-8722-23B6B556D9A4}.Debug|Any CPU.Build.0 = Debug|Any CPU
		{12B7AEFA-5F21-44E8-8722-23B6B556D9A4}.Release|Any CPU.ActiveCfg = Release|Any CPU
		{12B7AEFA-5F21-44E8-8722-23B6B556D9A4}.Release|Any CPU.Build.0 = Release|Any CPU
		{225B4A97-2B66-4B5D-9104-914DF5B3C406}.Debug|Any CPU.ActiveCfg = Debug|Any CPU
		{225B4A97-2B66-4B5D-9104-914DF5B3C406}.Debug|Any CPU.Build.0 = Debug|Any CPU
		{225B4A97-2B66-4B5D-9104-914DF5B3C406}.Release|Any CPU.ActiveCfg = Release|Any CPU
		{225B4A97-2B66-4B5D-9104-914DF5B3C406}.Release|Any CPU.Build.0 = Release|Any CPU
	EndGlobalSection
	GlobalSection(SolutionProperties) = preSolution
		HideSolutionNode = FALSE
	EndGlobalSection
	GlobalSection(NestedProjects) = preSolution
		{12B7AEFA-5F21-44E8-8722-23B6B556D9A4} = {123FF043-811E-4DBB-9936-01E7483A6CE9}
		{B62BE288-2A75-45E5-9986-37E87B4E5E80} = {123FF043-811E-4DBB-9936-01E7483A6CE9}
		{225B4A97-2B66-4B5D-9104-914DF5B3C406} = {B62BE288-2A75-45E5-9986-37E87B4E5E80}
	EndGlobalSection
	GlobalSection(ExtensibilityGlobals) = postSolution
		SolutionGuid = {BC5546A7-1402-4325-8BC8-E8681CB33306}
	EndGlobalSection
EndGlobal
